
Microsoft Visual Studio Solution File, Format Version 12.00
# Visual Studio Version 17
VisualStudioVersion = 17.9.34723.18
MinimumVisualStudioVersion = 10.0.40219.1
Project("{FAE04EC0-301F-11D3-BF4B-00C04F79EFBC}") = "BackendBlog", "BackendBlog\BackendBlog.csproj", "{2D3C0858-D170-4EB7-9FA5-F2B8F3158C48}"
EndProject
Global
	GlobalSection(SolutionConfigurationPlatforms) = preSolution
		Debug|Any CPU = Debug|Any CPU
		Release|Any CPU = Release|Any CPU
	EndGlobalSection
	GlobalSection(ProjectConfigurationPlatforms) = postSolution
		{2D3C0858-D170-4EB7-9FA5-F2B8F3158C48}.Debug|Any CPU.ActiveCfg = Debug|Any CPU
		{2D3C0858-D170-4EB7-9FA5-F2B8F3158C48}.Debug|Any CPU.Build.0 = Debug|Any CPU
		{2D3C0858-D170-4EB7-9FA5-F2B8F3158C48}.Release|Any CPU.ActiveCfg = Release|Any CPU
		{2D3C0858-D170-4EB7-9FA5-F2B8F3158C48}.Release|Any CPU.Build.0 = Release|Any CPU
	EndGlobalSection
	GlobalSection(SolutionProperties) = preSolution
		HideSolutionNode = FALSE
	EndGlobalSection
	GlobalSection(ExtensibilityGlobals) = postSolution
		SolutionGuid = {E7625731-40BF-4C74-8537-5F16C8CF2B1F}
	EndGlobalSection
EndGlobal
